<?xml version="1.0" encoding="utf-8"?>
<Project ToolsVersion="4.0" xmlns="http://schemas.microsoft.com/developer/msbuild/2003">
  <ItemGroup>
    <Filter Include="Source Files">
      <UniqueIdentifier>{4FC737F1-C7A5-4376-A066-2A32D752A2FF}</UniqueIdentifier>
      <Extensions>cpp;c;cc;cxx;def;odl;idl;hpj;bat;asm;asmx</Extensions>
    </Filter>
    <Filter Include="Header Files">
      <UniqueIdentifier>{93995380-89BD-4b04-88EB-625FBE52EBFB}</UniqueIdentifier>
      <Extensions>h;hh;hpp;hxx;hm;inl;inc;xsd</Extensions>
    </Filter>
    <Filter Include="Resource Files">
      <UniqueIdentifier>{67DA6AB6-F800-4c08-8B7A-83BB121AAD01}</UniqueIdentifier>
      <Extensions>rc;ico;cur;bmp;dlg;rc2;rct;bin;rgs;gif;jpg;jpeg;jpe;resx;tiff;tif;png;wav</Extensions>
    </Filter>
    <Filter Include="Header Files\External">
      <UniqueIdentifier>{1a7a82fe-7d61-4aab-b50c-d12fbcd979ed}</UniqueIdentifier>
    </Filter>
    <Filter Include="Header Files\MLX">
      <UniqueIdentifier>{26f1ca74-e7b0-4a34-ab7c-7e0487fc4620}</UniqueIdentifier>
    </Filter>
    <Filter Include="Header Files\External\CAMERA">
      <UniqueIdentifier>{0132451f-0ec0-475e-b51d-4557e0d33cec}</UniqueIdentifier>
    </Filter>
    <Filter Include="Header Files\External\Wire">
      <UniqueIdentifier>{4ade1e1f-7e03-41e7-86d7-a9732a4eadcc}</UniqueIdentifier>
    </Filter>
    <Filter Include="Header Files\External\HTTP_SERVER">
      <UniqueIdentifier>{e40f953a-d274-4b05-bc2f-2fd44af9e363}</UniqueIdentifier>
    </Filter>
    <Filter Include="Header Files\External\FS">
      <UniqueIdentifier>{fce39161-c530-4ef7-ba82-49129502eb2f}</UniqueIdentifier>
    </Filter>
    <Filter Include="Source Files\HTML">
      <UniqueIdentifier>{b7e5da15-b194-44b3-b32c-0f9239532c84}</UniqueIdentifier>
    </Filter>
    <Filter Include="Header Files\External\CAMERA\ImageConversion">
      <UniqueIdentifier>{79b11a5c-7c03-43b6-9b54-c245378743a6}</UniqueIdentifier>
    </Filter>
  </ItemGroup>
  <ItemGroup>
    <ClCompile Include="esp32-camera-master\driver\cam_hal.c">
      <Filter>Header Files\External\CAMERA</Filter>
    </ClCompile>
    <ClCompile Include="esp32-camera-master\driver\esp_camera.c">
      <Filter>Header Files\External\CAMERA</Filter>
    </ClCompile>
    <ClCompile Include="esp32-camera-master\target\esp32\ll_cam.c">
      <Filter>Header Files\External\CAMERA</Filter>
    </ClCompile>
    <ClCompile Include="esp32-camera-master\sensors\ov2640.c">
      <Filter>Header Files\External\CAMERA</Filter>
    </ClCompile>
    <ClCompile Include="esp32-camera-master\driver\sensor.c">
      <Filter>Header Files\External\CAMERA</Filter>
    </ClCompile>
    <ClCompile Include="..\..\..\AppData\Local\Arduino15\packages\esp32\hardware\esp32\3.3.0\libraries\Wire\src\Wire.cpp">
      <Filter>Header Files\External\Wire</Filter>
    </ClCompile>
    <ClCompile Include="MLX90640_API.cpp">
      <Filter>Header Files\MLX</Filter>
    </ClCompile>
    <ClCompile Include="MLX90640_I2C_Driver.cpp">
      <Filter>Header Files\MLX</Filter>
    </ClCompile>
    <ClCompile Include="MLX90640_frame2bmp.cpp">
      <Filter>Header Files\MLX</Filter>
    </ClCompile>
    <ClCompile Include="..\..\..\AppData\Local\Arduino15\packages\esp32\hardware\esp32\3.3.0\libraries\FS\src\FS.cpp">
      <Filter>Header Files\External\FS</Filter>
    </ClCompile>
    <ClCompile Include="..\..\..\AppData\Local\Arduino15\packages\esp32\hardware\esp32\3.3.0\libraries\SPIFFS\src\SPIFFS.cpp">
      <Filter>Header Files\External\FS</Filter>
    </ClCompile>
    <ClCompile Include="esp32-camera-master\conversions\to_bmp.c">
      <Filter>Header Files\External\CAMERA\ImageConversion</Filter>
    </ClCompile>
    <ClCompile Include="esp32-camera-master\conversions\to_jpg.cpp">
      <Filter>Header Files\External\CAMERA\ImageConversion</Filter>
    </ClCompile>
    <ClCompile Include="httpd_firmware.cpp">
      <Filter>Source Files</Filter>
    </ClCompile>
    <ClCompile Include="httpd_capture_stream.cpp">
      <Filter>Source Files</Filter>
    </ClCompile>
    <ClCompile Include="MLX90640_calibration.cpp">
      <Filter>Header Files\MLX</Filter>
    </ClCompile>
    <ClCompile Include="httpd_mlx.cpp">
      <Filter>Source Files</Filter>
    </ClCompile>
    <ClCompile Include="httpd_app.cpp">
      <Filter>Source Files</Filter>
    </ClCompile>
  </ItemGroup>
  <ItemGroup>
    <ClInclude Include="board_config.h">
      <Filter>Header Files</Filter>
    </ClInclude>
    <ClInclude Include="__vm\.CameraWebServer.vsarduino.h">
      <Filter>Header Files</Filter>
    </ClInclude>
    <ClInclude Include="..\..\..\AppData\Local\Arduino15\packages\esp32\tools\esp32-arduino-libs\idf-release_v5.5-b66b5448-v1\esp32\qio_qspi\include\sdkconfig.h">
      <Filter>Header Files\External</Filter>
    </ClInclude>
    <ClInclude Include="..\..\..\AppData\Local\Arduino15\packages\esp32\tools\esp32-arduino-libs\idf-release_v5.5-b66b5448-v1\esp32\include\soc\esp32\include\soc\soc_caps.h">
      <Filter>Header Files\External</Filter>
    </ClInclude>
    <ClInclude Include="..\..\..\AppData\Local\Arduino15\packages\esp32\tools\esp32-arduino-libs\idf-release_v5.5-b66b5448-v1\esp32\include\esp_driver_ledc\include\driver\ledc.h">
      <Filter>Header Files\External</Filter>
    </ClInclude>
    <ClInclude Include="..\..\..\AppData\Local\Arduino15\packages\esp32\tools\esp32-arduino-libs\idf-release_v5.5-b66b5448-v1\esp32\include\hal\include\hal\ledc_types.h">
      <Filter>Header Files\External</Filter>
    </ClInclude>
    <ClInclude Include="..\..\..\AppData\Local\Arduino15\packages\esp32\hardware\esp32\3.3.0\libraries\WiFi\src\WiFi.h">
      <Filter>Header Files\External</Filter>
    </ClInclude>
    <ClInclude Include="__vm\.ESP32MLX.vsarduino.h">
      <Filter>Header Files</Filter>
    </ClInclude>
    <ClInclude Include="..\..\..\AppData\Local\Arduino15\packages\esp32\tools\esp32-arduino-libs\idf-release_v5.5-b66b5448-v1\esp32s3\include\espressif__esp32-camera\driver\include\esp_camera.h">
      <Filter>Header Files\External\CAMERA</Filter>
    </ClInclude>
    <ClInclude Include="..\..\..\AppData\Local\Arduino15\packages\esp32\tools\esp32-arduino-libs\idf-release_v5.5-b66b5448-v1\esp32s3\include\espressif__esp32-camera\driver\include\sensor.h">
      <Filter>Header Files\External\CAMERA</Filter>
    </ClInclude>
    <ClInclude Include="..\..\..\AppData\Local\Arduino15\packages\esp32\hardware\esp32\3.3.0\libraries\Wire\src\Wire.h">
      <Filter>Header Files\External\Wire</Filter>
    </ClInclude>
    <ClInclude Include="MLX90640_API.h">
      <Filter>Header Files\MLX</Filter>
    </ClInclude>
    <ClInclude Include="MLX90640_I2C_Driver.h">
      <Filter>Header Files\MLX</Filter>
    </ClInclude>
    <ClInclude Include="MLX90640_frame2bmp.h">
      <Filter>Header Files\MLX</Filter>
    </ClInclude>
    <ClInclude Include="..\..\..\AppData\Local\Arduino15\packages\esp32\tools\esp32-arduino-libs\idf-release_v5.5-b66b5448-v1\esp32\include\esp_http_server\include\esp_http_server.h">
      <Filter>Header Files\External\HTTP_SERVER</Filter>
    </ClInclude>
    <ClInclude Include="..\..\..\AppData\Local\Arduino15\packages\esp32\tools\esp32-arduino-libs\idf-release_v5.5-b66b5448-v1\esp32\include\esp_timer\include\esp_timer.h">
      <Filter>Header Files\External</Filter>
    </ClInclude>
    <ClInclude Include="..\..\..\AppData\Local\Arduino15\packages\esp32\hardware\esp32\3.3.0\cores\esp32\esp32-hal-log.h">
      <Filter>Header Files\External</Filter>
    </ClInclude>
    <ClInclude Include="..\..\..\AppData\Local\Arduino15\packages\esp32\hardware\esp32\3.3.0\libraries\FS\src\FS.h">
      <Filter>Header Files\External\FS</Filter>
    </ClInclude>
    <ClInclude Include="..\..\..\AppData\Local\Arduino15\packages\esp32\hardware\esp32\3.3.0\libraries\SPIFFS\src\SPIFFS.h">
      <Filter>Header Files\External\FS</Filter>
    </ClInclude>
    <ClInclude Include="..\..\..\AppData\Local\Arduino15\packages\esp32\tools\esp32-arduino-libs\idf-release_v5.5-b66b5448-v1\esp32\include\espressif__esp32-camera\conversions\include\img_converters.h">
      <Filter>Header Files\External\CAMERA\ImageConversion</Filter>
    </ClInclude>
    <ClInclude Include="httpd_firmware.h">
      <Filter>Header Files</Filter>
    </ClInclude>
    <ClInclude Include="indexHTML.h">
      <Filter>Header Files</Filter>
    </ClInclude>
    <ClInclude Include="pinsConfig.h">
      <Filter>Header Files</Filter>
    </ClInclude>
    <ClInclude Include="httpd_capture_stream.h">
      <Filter>Header Files</Filter>
    </ClInclude>
    <ClInclude Include="esp32-camera-master\sensors\private_include\ov2640.h">
      <Filter>Header Files\External\CAMERA</Filter>
    </ClInclude>
    <ClInclude Include="esp32-camera-master\sensors\private_include\ov2640_regs.h">
      <Filter>Header Files\External\CAMERA</Filter>
    </ClInclude>
    <ClInclude Include="esp32-camera-master\sensors\private_include\ov2640_settings.h">
      <Filter>Header Files\External\CAMERA</Filter>
    </ClInclude>
    <ClInclude Include="MLX90640_calibration.h">
      <Filter>Header Files\MLX</Filter>
    </ClInclude>
    <ClInclude Include="httpd_mlx.h">
      <Filter>Header Files</Filter>
    </ClInclude>
  </ItemGroup>
  <ItemGroup>
    <None Include="ESP32MLX.ino">
      <Filter>Source Files</Filter>
    </None>
    <None Include="script.js">
      <Filter>Source Files\HTML</Filter>
    </None>
    <None Include="scriptCaptureAndStream.js">
      <Filter>Source Files\HTML</Filter>
    </None>
    <None Include="style.css">
      <Filter>Source Files\HTML</Filter>
    </None>
    <None Include="save.js">
      <Filter>Source Files\HTML</Filter>
    </None>
    <None Include="calibrate.js">
      <Filter>Source Files\HTML</Filter>
    </None>
    <None Include="!proto.html">
      <Filter>Source Files\HTML</Filter>
    </None>
    <None Include="firmware.js">
      <Filter>Source Files\HTML</Filter>
    </None>
  </ItemGroup>
</Project>